
Microsoft Visual Studio Solution File, Format Version 12.00
# Visual Studio Version 16
VisualStudioVersion = 16.0.31515.178
MinimumVisualStudioVersion = 10.0.40219.1
Project("{2150E333-8FDC-42A3-9474-1A3956D46DE8}") = "WinForms", "WinForms", "{4ABD4301-3954-43CB-8933-693750A88BB9}"
EndProject
Project("{2150E333-8FDC-42A3-9474-1A3956D46DE8}") = "WPF", "WPF", "{CB36686B-E491-4F58-9845-EE58DBA47DBA}"
EndProject
Project("{FAE04EC0-301F-11D3-BF4B-00C04F79EFBC}") = "WPF", "WPF\WPF\WPF.csproj", "{3985837A-B655-49A2-AFA7-FC973BE67441}"
EndProject
Project("{FAE04EC0-301F-11D3-BF4B-00C04F79EFBC}") = "WinForms", "WinForms\WinForms\WinForms.csproj", "{29388673-91F4-469D-ABB6-0659573D59AD}"
EndProject
Project("{FAE04EC0-301F-11D3-BF4B-00C04F79EFBC}") = "WPF_UserControls", "WPF\WPF_UserControls\WPF_UserControls.csproj", "{A535B146-B057-4024-A76F-FB4B9E464269}"
EndProject
Project("{2150E333-8FDC-42A3-9474-1A3956D46DE8}") = "ViewModels", "ViewModels", "{0CD870E3-EE3B-4233-89B3-9B485592DD40}"
EndProject
Project("{2150E333-8FDC-42A3-9474-1A3956D46DE8}") = "Model", "Model", "{ED3FF619-0D9C-41F8-8D7C-189A75DC6DB7}"
EndProject
Project("{9A19103F-16F7-4668-BE54-9A1E7A4F7556}") = "Models", "Model\Models\Models.csproj", "{9C96E0F5-273A-4537-A58B-80BE881609F7}"
EndProject
Project("{2150E333-8FDC-42A3-9474-1A3956D46DE8}") = "DatabaseSetup", "DatabaseSetup", "{47175D62-7090-4726-BC20-430421C4A8C3}"
EndProject
Project("{9A19103F-16F7-4668-BE54-9A1E7A4F7556}") = "DBSetup", "DatabaseSetup\DBSetup\DBSetup.csproj", "{E5FC8532-405C-47EA-83CA-FB5099F22765}"
EndProject
Project("{2150E333-8FDC-42A3-9474-1A3956D46DE8}") = "API", "API", "{F4C48C7D-608B-4B98-A969-7ADE478D90A9}"
EndProject
Project("{9A19103F-16F7-4668-BE54-9A1E7A4F7556}") = "WebAPI", "API\WebAPI\WebAPI.csproj", "{257AEA18-765E-40BF-9782-E5ADB8DAA86C}"
EndProject
Project("{FAE04EC0-301F-11D3-BF4B-00C04F79EFBC}") = "ViewModel", "ViewModels\ViewModel\ViewModel.csproj", "{9147E4E1-87D8-42BB-8281-F8E2C9D5A5FA}"
EndProject
Project("{2150E333-8FDC-42A3-9474-1A3956D46DE8}") = "Services", "Services", "{4E2F7412-708A-4205-A66E-D3FF3071B079}"
EndProject
Project("{FAE04EC0-301F-11D3-BF4B-00C04F79EFBC}") = "Services", "Services\Services\Services.csproj", "{8261F947-B17C-467A-82B3-BC91BA4687D4}"
EndProject
Project("{2150E333-8FDC-42A3-9474-1A3956D46DE8}") = "Mobile", "Mobile", "{32FC119C-4F04-4FC9-9B93-04F7110A9FB0}"
EndProject
Project("{FAE04EC0-301F-11D3-BF4B-00C04F79EFBC}") = "Archangel-12.Android", "Archangel-12\Archangel-12.Android\Archangel-12.Android.csproj", "{B2C7C0E0-7E2A-41C8-AFD3-708D0E8B528E}"
EndProject
Project("{FAE04EC0-301F-11D3-BF4B-00C04F79EFBC}") = "Archangel-12.iOS", "Archangel-12\Archangel-12.iOS\Archangel-12.iOS.csproj", "{C1060B90-575C-4DCF-9277-E9C79FE37527}"
EndProject
Project("{FAE04EC0-301F-11D3-BF4B-00C04F79EFBC}") = "Archangel-12", "Archangel-12\Archangel-12\Archangel-12.csproj", "{865E8F58-6D6D-4901-89FA-348DA0C86A59}"
EndProject
Global
	GlobalSection(SolutionConfigurationPlatforms) = preSolution
		Debug|Any CPU = Debug|Any CPU
		Debug|iPhone = Debug|iPhone
		Debug|iPhoneSimulator = Debug|iPhoneSimulator
		Release|Any CPU = Release|Any CPU
		Release|iPhone = Release|iPhone
		Release|iPhoneSimulator = Release|iPhoneSimulator
	EndGlobalSection
	GlobalSection(ProjectConfigurationPlatforms) = postSolution
		{3985837A-B655-49A2-AFA7-FC973BE67441}.Debug|Any CPU.ActiveCfg = Debug|Any CPU
		{3985837A-B655-49A2-AFA7-FC973BE67441}.Debug|Any CPU.Build.0 = Debug|Any CPU
		{3985837A-B655-49A2-AFA7-FC973BE67441}.Debug|iPhone.ActiveCfg = Debug|Any CPU
		{3985837A-B655-49A2-AFA7-FC973BE67441}.Debug|iPhone.Build.0 = Debug|Any CPU
		{3985837A-B655-49A2-AFA7-FC973BE67441}.Debug|iPhoneSimulator.ActiveCfg = Debug|Any CPU
		{3985837A-B655-49A2-AFA7-FC973BE67441}.Debug|iPhoneSimulator.Build.0 = Debug|Any CPU
		{3985837A-B655-49A2-AFA7-FC973BE67441}.Release|Any CPU.ActiveCfg = Release|Any CPU
		{3985837A-B655-49A2-AFA7-FC973BE67441}.Release|Any CPU.Build.0 = Release|Any CPU
		{3985837A-B655-49A2-AFA7-FC973BE67441}.Release|iPhone.ActiveCfg = Release|Any CPU
		{3985837A-B655-49A2-AFA7-FC973BE67441}.Release|iPhone.Build.0 = Release|Any CPU
		{3985837A-B655-49A2-AFA7-FC973BE67441}.Release|iPhoneSimulator.ActiveCfg = Release|Any CPU
		{3985837A-B655-49A2-AFA7-FC973BE67441}.Release|iPhoneSimulator.Build.0 = Release|Any CPU
		{29388673-91F4-469D-ABB6-0659573D59AD}.Debug|Any CPU.ActiveCfg = Debug|Any CPU
		{29388673-91F4-469D-ABB6-0659573D59AD}.Debug|Any CPU.Build.0 = Debug|Any CPU
		{29388673-91F4-469D-ABB6-0659573D59AD}.Debug|iPhone.ActiveCfg = Debug|Any CPU
		{29388673-91F4-469D-ABB6-0659573D59AD}.Debug|iPhone.Build.0 = Debug|Any CPU
		{29388673-91F4-469D-ABB6-0659573D59AD}.Debug|iPhoneSimulator.ActiveCfg = Debug|Any CPU
		{29388673-91F4-469D-ABB6-0659573D59AD}.Debug|iPhoneSimulator.Build.0 = Debug|Any CPU
		{29388673-91F4-469D-ABB6-0659573D59AD}.Release|Any CPU.ActiveCfg = Release|Any CPU
		{29388673-91F4-469D-ABB6-0659573D59AD}.Release|Any CPU.Build.0 = Release|Any CPU
		{29388673-91F4-469D-ABB6-0659573D59AD}.Release|iPhone.ActiveCfg = Release|Any CPU
		{29388673-91F4-469D-ABB6-0659573D59AD}.Release|iPhone.Build.0 = Release|Any CPU
		{29388673-91F4-469D-ABB6-0659573D59AD}.Release|iPhoneSimulator.ActiveCfg = Release|Any CPU
		{29388673-91F4-469D-ABB6-0659573D59AD}.Release|iPhoneSimulator.Build.0 = Release|Any CPU
		{A535B146-B057-4024-A76F-FB4B9E464269}.Debug|Any CPU.ActiveCfg = Debug|Any CPU
		{A535B146-B057-4024-A76F-FB4B9E464269}.Debug|Any CPU.Build.0 = Debug|Any CPU
		{A535B146-B057-4024-A76F-FB4B9E464269}.Debug|iPhone.ActiveCfg = Debug|Any CPU
		{A535B146-B057-4024-A76F-FB4B9E464269}.Debug|iPhone.Build.0 = Debug|Any CPU
		{A535B146-B057-4024-A76F-FB4B9E464269}.Debug|iPhoneSimulator.ActiveCfg = Debug|Any CPU
		{A535B146-B057-4024-A76F-FB4B9E464269}.Debug|iPhoneSimulator.Build.0 = Debug|Any CPU
		{A535B146-B057-4024-A76F-FB4B9E464269}.Release|Any CPU.ActiveCfg = Release|Any CPU
		{A535B146-B057-4024-A76F-FB4B9E464269}.Release|Any CPU.Build.0 = Release|Any CPU
		{A535B146-B057-4024-A76F-FB4B9E464269}.Release|iPhone.ActiveCfg = Release|Any CPU
		{A535B146-B057-4024-A76F-FB4B9E464269}.Release|iPhone.Build.0 = Release|Any CPU
		{A535B146-B057-4024-A76F-FB4B9E464269}.Release|iPhoneSimulator.ActiveCfg = Release|Any CPU
		{A535B146-B057-4024-A76F-FB4B9E464269}.Release|iPhoneSimulator.Build.0 = Release|Any CPU
		{9C96E0F5-273A-4537-A58B-80BE881609F7}.Debug|Any CPU.ActiveCfg = Debug|Any CPU
		{9C96E0F5-273A-4537-A58B-80BE881609F7}.Debug|Any CPU.Build.0 = Debug|Any CPU
		{9C96E0F5-273A-4537-A58B-80BE881609F7}.Debug|iPhone.ActiveCfg = Debug|Any CPU
		{9C96E0F5-273A-4537-A58B-80BE881609F7}.Debug|iPhone.Build.0 = Debug|Any CPU
		{9C96E0F5-273A-4537-A58B-80BE881609F7}.Debug|iPhoneSimulator.ActiveCfg = Debug|Any CPU
		{9C96E0F5-273A-4537-A58B-80BE881609F7}.Debug|iPhoneSimulator.Build.0 = Debug|Any CPU
		{9C96E0F5-273A-4537-A58B-80BE881609F7}.Release|Any CPU.ActiveCfg = Release|Any CPU
		{9C96E0F5-273A-4537-A58B-80BE881609F7}.Release|Any CPU.Build.0 = Release|Any CPU
		{9C96E0F5-273A-4537-A58B-80BE881609F7}.Release|iPhone.ActiveCfg = Release|Any CPU
		{9C96E0F5-273A-4537-A58B-80BE881609F7}.Release|iPhone.Build.0 = Release|Any CPU
		{9C96E0F5-273A-4537-A58B-80BE881609F7}.Release|iPhoneSimulator.ActiveCfg = Release|Any CPU
		{9C96E0F5-273A-4537-A58B-80BE881609F7}.Release|iPhoneSimulator.Build.0 = Release|Any CPU
		{E5FC8532-405C-47EA-83CA-FB5099F22765}.Debug|Any CPU.ActiveCfg = Debug|Any CPU
		{E5FC8532-405C-47EA-83CA-FB5099F22765}.Debug|Any CPU.Build.0 = Debug|Any CPU
		{E5FC8532-405C-47EA-83CA-FB5099F22765}.Debug|iPhone.ActiveCfg = Debug|Any CPU
		{E5FC8532-405C-47EA-83CA-FB5099F22765}.Debug|iPhone.Build.0 = Debug|Any CPU
		{E5FC8532-405C-47EA-83CA-FB5099F22765}.Debug|iPhoneSimulator.ActiveCfg = Debug|Any CPU
		{E5FC8532-405C-47EA-83CA-FB5099F22765}.Debug|iPhoneSimulator.Build.0 = Debug|Any CPU
		{E5FC8532-405C-47EA-83CA-FB5099F22765}.Release|Any CPU.ActiveCfg = Release|Any CPU
		{E5FC8532-405C-47EA-83CA-FB5099F22765}.Release|Any CPU.Build.0 = Release|Any CPU
		{E5FC8532-405C-47EA-83CA-FB5099F22765}.Release|iPhone.ActiveCfg = Release|Any CPU
		{E5FC8532-405C-47EA-83CA-FB5099F22765}.Release|iPhone.Build.0 = Release|Any CPU
		{E5FC8532-405C-47EA-83CA-FB5099F22765}.Release|iPhoneSimulator.ActiveCfg = Release|Any CPU
		{E5FC8532-405C-47EA-83CA-FB5099F22765}.Release|iPhoneSimulator.Build.0 = Release|Any CPU
		{257AEA18-765E-40BF-9782-E5ADB8DAA86C}.Debug|Any CPU.ActiveCfg = Debug|Any CPU
		{257AEA18-765E-40BF-9782-E5ADB8DAA86C}.Debug|Any CPU.Build.0 = Debug|Any CPU
		{257AEA18-765E-40BF-9782-E5ADB8DAA86C}.Debug|iPhone.ActiveCfg = Debug|Any CPU
		{257AEA18-765E-40BF-9782-E5ADB8DAA86C}.Debug|iPhone.Build.0 = Debug|Any CPU
		{257AEA18-765E-40BF-9782-E5ADB8DAA86C}.Debug|iPhoneSimulator.ActiveCfg = Debug|Any CPU
		{257AEA18-765E-40BF-9782-E5ADB8DAA86C}.Debug|iPhoneSimulator.Build.0 = Debug|Any CPU
		{257AEA18-765E-40BF-9782-E5ADB8DAA86C}.Release|Any CPU.ActiveCfg = Release|Any CPU
		{257AEA18-765E-40BF-9782-E5ADB8DAA86C}.Release|Any CPU.Build.0 = Release|Any CPU
		{257AEA18-765E-40BF-9782-E5ADB8DAA86C}.Release|iPhone.ActiveCfg = Release|Any CPU
		{257AEA18-765E-40BF-9782-E5ADB8DAA86C}.Release|iPhone.Build.0 = Release|Any CPU
		{257AEA18-765E-40BF-9782-E5ADB8DAA86C}.Release|iPhoneSimulator.ActiveCfg = Release|Any CPU
		{257AEA18-765E-40BF-9782-E5ADB8DAA86C}.Release|iPhoneSimulator.Build.0 = Release|Any CPU
		{9147E4E1-87D8-42BB-8281-F8E2C9D5A5FA}.Debug|Any CPU.ActiveCfg = Debug|Any CPU
		{9147E4E1-87D8-42BB-8281-F8E2C9D5A5FA}.Debug|Any CPU.Build.0 = Debug|Any CPU
		{9147E4E1-87D8-42BB-8281-F8E2C9D5A5FA}.Debug|iPhone.ActiveCfg = Debug|Any CPU
		{9147E4E1-87D8-42BB-8281-F8E2C9D5A5FA}.Debug|iPhone.Build.0 = Debug|Any CPU
		{9147E4E1-87D8-42BB-8281-F8E2C9D5A5FA}.Debug|iPhoneSimulator.ActiveCfg = Debug|Any CPU
		{9147E4E1-87D8-42BB-8281-F8E2C9D5A5FA}.Debug|iPhoneSimulator.Build.0 = Debug|Any CPU
		{9147E4E1-87D8-42BB-8281-F8E2C9D5A5FA}.Release|Any CPU.ActiveCfg = Release|Any CPU
		{9147E4E1-87D8-42BB-8281-F8E2C9D5A5FA}.Release|Any CPU.Build.0 = Release|Any CPU
		{9147E4E1-87D8-42BB-8281-F8E2C9D5A5FA}.Release|iPhone.ActiveCfg = Release|Any CPU
		{9147E4E1-87D8-42BB-8281-F8E2C9D5A5FA}.Release|iPhone.Build.0 = Release|Any CPU
		{9147E4E1-87D8-42BB-8281-F8E2C9D5A5FA}.Release|iPhoneSimulator.ActiveCfg = Release|Any CPU
		{9147E4E1-87D8-42BB-8281-F8E2C9D5A5FA}.Release|iPhoneSimulator.Build.0 = Release|Any CPU
		{8261F947-B17C-467A-82B3-BC91BA4687D4}.Debug|Any CPU.ActiveCfg = Debug|Any CPU
		{8261F947-B17C-467A-82B3-BC91BA4687D4}.Debug|Any CPU.Build.0 = Debug|Any CPU
		{8261F947-B17C-467A-82B3-BC91BA4687D4}.Debug|iPhone.ActiveCfg = Debug|Any CPU
		{8261F947-B17C-467A-82B3-BC91BA4687D4}.Debug|iPhone.Build.0 = Debug|Any CPU
		{8261F947-B17C-467A-82B3-BC91BA4687D4}.Debug|iPhoneSimulator.ActiveCfg = Debug|Any CPU
		{8261F947-B17C-467A-82B3-BC91BA4687D4}.Debug|iPhoneSimulator.Build.0 = Debug|Any CPU
		{8261F947-B17C-467A-82B3-BC91BA4687D4}.Release|Any CPU.ActiveCfg = Release|Any CPU
		{8261F947-B17C-467A-82B3-BC91BA4687D4}.Release|Any CPU.Build.0 = Release|Any CPU
		{8261F947-B17C-467A-82B3-BC91BA4687D4}.Release|iPhone.ActiveCfg = Release|Any CPU
		{8261F947-B17C-467A-82B3-BC91BA4687D4}.Release|iPhone.Build.0 = Release|Any CPU
		{8261F947-B17C-467A-82B3-BC91BA4687D4}.Release|iPhoneSimulator.ActiveCfg = Release|Any CPU
		{8261F947-B17C-467A-82B3-BC91BA4687D4}.Release|iPhoneSimulator.Build.0 = Release|Any CPU
		{B2C7C0E0-7E2A-41C8-AFD3-708D0E8B528E}.Debug|Any CPU.ActiveCfg = Debug|Any CPU
		{B2C7C0E0-7E2A-41C8-AFD3-708D0E8B528E}.Debug|Any CPU.Build.0 = Debug|Any CPU
		{B2C7C0E0-7E2A-41C8-AFD3-708D0E8B528E}.Debug|Any CPU.Deploy.0 = Debug|Any CPU
		{B2C7C0E0-7E2A-41C8-AFD3-708D0E8B528E}.Debug|iPhone.ActiveCfg = Debug|Any CPU
		{B2C7C0E0-7E2A-41C8-AFD3-708D0E8B528E}.Debug|iPhone.Build.0 = Debug|Any CPU
		{B2C7C0E0-7E2A-41C8-AFD3-708D0E8B528E}.Debug|iPhone.Deploy.0 = Debug|Any CPU
		{B2C7C0E0-7E2A-41C8-AFD3-708D0E8B528E}.Debug|iPhoneSimulator.ActiveCfg = Debug|Any CPU
		{B2C7C0E0-7E2A-41C8-AFD3-708D0E8B528E}.Debug|iPhoneSimulator.Build.0 = Debug|Any CPU
		{B2C7C0E0-7E2A-41C8-AFD3-708D0E8B528E}.Debug|iPhoneSimulator.Deploy.0 = Debug|Any CPU
		{B2C7C0E0-7E2A-41C8-AFD3-708D0E8B528E}.Release|Any CPU.ActiveCfg = Release|Any CPU
		{B2C7C0E0-7E2A-41C8-AFD3-708D0E8B528E}.Release|Any CPU.Build.0 = Release|Any CPU
		{B2C7C0E0-7E2A-41C8-AFD3-708D0E8B528E}.Release|Any CPU.Deploy.0 = Release|Any CPU
		{B2C7C0E0-7E2A-41C8-AFD3-708D0E8B528E}.Release|iPhone.ActiveCfg = Release|Any CPU
		{B2C7C0E0-7E2A-41C8-AFD3-708D0E8B528E}.Release|iPhone.Build.0 = Release|Any CPU
		{B2C7C0E0-7E2A-41C8-AFD3-708D0E8B528E}.Release|iPhone.Deploy.0 = Release|Any CPU
		{B2C7C0E0-7E2A-41C8-AFD3-708D0E8B528E}.Release|iPhoneSimulator.ActiveCfg = Release|Any CPU
		{B2C7C0E0-7E2A-41C8-AFD3-708D0E8B528E}.Release|iPhoneSimulator.Build.0 = Release|Any CPU
		{B2C7C0E0-7E2A-41C8-AFD3-708D0E8B528E}.Release|iPhoneSimulator.Deploy.0 = Release|Any CPU
		{C1060B90-575C-4DCF-9277-E9C79FE37527}.Debug|Any CPU.ActiveCfg = Debug|iPhoneSimulator
		{C1060B90-575C-4DCF-9277-E9C79FE37527}.Debug|iPhone.ActiveCfg = Debug|iPhone
		{C1060B90-575C-4DCF-9277-E9C79FE37527}.Debug|iPhone.Build.0 = Debug|iPhone
		{C1060B90-575C-4DCF-9277-E9C79FE37527}.Debug|iPhoneSimulator.ActiveCfg = Debug|iPhoneSimulator
		{C1060B90-575C-4DCF-9277-E9C79FE37527}.Debug|iPhoneSimulator.Build.0 = Debug|iPhoneSimulator
		{C1060B90-575C-4DCF-9277-E9C79FE37527}.Release|Any CPU.ActiveCfg = Release|iPhoneSimulator
		{C1060B90-575C-4DCF-9277-E9C79FE37527}.Release|iPhone.ActiveCfg = Release|iPhone
		{C1060B90-575C-4DCF-9277-E9C79FE37527}.Release|iPhone.Build.0 = Release|iPhone
		{C1060B90-575C-4DCF-9277-E9C79FE37527}.Release|iPhoneSimulator.ActiveCfg = Release|iPhoneSimulator
		{C1060B90-575C-4DCF-9277-E9C79FE37527}.Release|iPhoneSimulator.Build.0 = Release|iPhoneSimulator
		{865E8F58-6D6D-4901-89FA-348DA0C86A59}.Debug|Any CPU.ActiveCfg = Debug|Any CPU
		{865E8F58-6D6D-4901-89FA-348DA0C86A59}.Debug|Any CPU.Build.0 = Debug|Any CPU
		{865E8F58-6D6D-4901-89FA-348DA0C86A59}.Debug|iPhone.ActiveCfg = Debug|Any CPU
		{865E8F58-6D6D-4901-89FA-348DA0C86A59}.Debug|iPhone.Build.0 = Debug|Any CPU
		{865E8F58-6D6D-4901-89FA-348DA0C86A59}.Debug|iPhoneSimulator.ActiveCfg = Debug|Any CPU
		{865E8F58-6D6D-4901-89FA-348DA0C86A59}.Debug|iPhoneSimulator.Build.0 = Debug|Any CPU
		{865E8F58-6D6D-4901-89FA-348DA0C86A59}.Release|Any CPU.ActiveCfg = Release|Any CPU
		{865E8F58-6D6D-4901-89FA-348DA0C86A59}.Release|Any CPU.Build.0 = Release|Any CPU
		{865E8F58-6D6D-4901-89FA-348DA0C86A59}.Release|iPhone.ActiveCfg = Release|Any CPU
		{865E8F58-6D6D-4901-89FA-348DA0C86A59}.Release|iPhone.Build.0 = Release|Any CPU
		{865E8F58-6D6D-4901-89FA-348DA0C86A59}.Release|iPhoneSimulator.ActiveCfg = Release|Any CPU
		{865E8F58-6D6D-4901-89FA-348DA0C86A59}.Release|iPhoneSimulator.Build.0 = Release|Any CPU
	EndGlobalSection
	GlobalSection(SolutionProperties) = preSolution
		HideSolutionNode = FALSE
	EndGlobalSection
	GlobalSection(NestedProjects) = preSolution
		{3985837A-B655-49A2-AFA7-FC973BE67441} = {CB36686B-E491-4F58-9845-EE58DBA47DBA}
		{29388673-91F4-469D-ABB6-0659573D59AD} = {4ABD4301-3954-43CB-8933-693750A88BB9}
		{A535B146-B057-4024-A76F-FB4B9E464269} = {CB36686B-E491-4F58-9845-EE58DBA47DBA}
		{9C96E0F5-273A-4537-A58B-80BE881609F7} = {ED3FF619-0D9C-41F8-8D7C-189A75DC6DB7}
		{E5FC8532-405C-47EA-83CA-FB5099F22765} = {47175D62-7090-4726-BC20-430421C4A8C3}
		{257AEA18-765E-40BF-9782-E5ADB8DAA86C} = {F4C48C7D-608B-4B98-A969-7ADE478D90A9}
		{9147E4E1-87D8-42BB-8281-F8E2C9D5A5FA} = {0CD870E3-EE3B-4233-89B3-9B485592DD40}
		{8261F947-B17C-467A-82B3-BC91BA4687D4} = {4E2F7412-708A-4205-A66E-D3FF3071B079}
		{B2C7C0E0-7E2A-41C8-AFD3-708D0E8B528E} = {32FC119C-4F04-4FC9-9B93-04F7110A9FB0}
		{C1060B90-575C-4DCF-9277-E9C79FE37527} = {32FC119C-4F04-4FC9-9B93-04F7110A9FB0}
		{865E8F58-6D6D-4901-89FA-348DA0C86A59} = {32FC119C-4F04-4FC9-9B93-04F7110A9FB0}
	EndGlobalSection
	GlobalSection(ExtensibilityGlobals) = postSolution
		SolutionGuid = {BB6B1489-1118-4AE4-B53A-B1D65A2C60EF}
	EndGlobalSection
EndGlobal
