
Microsoft Visual Studio Solution File, Format Version 12.00
# Visual Studio 15
VisualStudioVersion = 15.0.28307.106
MinimumVisualStudioVersion = 10.0.40219.1
Project("{2150E333-8FDC-42A3-9474-1A3956D46DE8}") = "WinForms", "WinForms", "{4ABD4301-3954-43CB-8933-693750A88BB9}"
EndProject
Project("{2150E333-8FDC-42A3-9474-1A3956D46DE8}") = "WPF", "WPF", "{CB36686B-E491-4F58-9845-EE58DBA47DBA}"
EndProject
Project("{FAE04EC0-301F-11D3-BF4B-00C04F79EFBC}") = "WPF", "WPF\WPF\WPF.csproj", "{3985837A-B655-49A2-AFA7-FC973BE67441}"
EndProject
Project("{FAE04EC0-301F-11D3-BF4B-00C04F79EFBC}") = "WinForms", "WinForms\WinForms\WinForms.csproj", "{29388673-91F4-469D-ABB6-0659573D59AD}"
EndProject
Project("{FAE04EC0-301F-11D3-BF4B-00C04F79EFBC}") = "WPF_UserControls", "WPF\WPF_UserControls\WPF_UserControls.csproj", "{A535B146-B057-4024-A76F-FB4B9E464269}"
EndProject
Project("{2150E333-8FDC-42A3-9474-1A3956D46DE8}") = "ViewModels", "ViewModels", "{0CD870E3-EE3B-4233-89B3-9B485592DD40}"
EndProject
Project("{2150E333-8FDC-42A3-9474-1A3956D46DE8}") = "Model", "Model", "{ED3FF619-0D9C-41F8-8D7C-189A75DC6DB7}"
EndProject
Project("{9A19103F-16F7-4668-BE54-9A1E7A4F7556}") = "Models", "Model\Models\Models.csproj", "{9C96E0F5-273A-4537-A58B-80BE881609F7}"
EndProject
Project("{2150E333-8FDC-42A3-9474-1A3956D46DE8}") = "DatabaseSetup", "DatabaseSetup", "{47175D62-7090-4726-BC20-430421C4A8C3}"
EndProject
Project("{9A19103F-16F7-4668-BE54-9A1E7A4F7556}") = "DBSetup", "DatabaseSetup\DBSetup\DBSetup.csproj", "{E5FC8532-405C-47EA-83CA-FB5099F22765}"
EndProject
Project("{2150E333-8FDC-42A3-9474-1A3956D46DE8}") = "API", "API", "{F4C48C7D-608B-4B98-A969-7ADE478D90A9}"
EndProject
Project("{9A19103F-16F7-4668-BE54-9A1E7A4F7556}") = "WebAPI", "API\WebAPI\WebAPI.csproj", "{257AEA18-765E-40BF-9782-E5ADB8DAA86C}"
EndProject
Project("{FAE04EC0-301F-11D3-BF4B-00C04F79EFBC}") = "ViewModel", "ViewModels\ViewModel\ViewModel.csproj", "{9147E4E1-87D8-42BB-8281-F8E2C9D5A5FA}"
EndProject
Project("{2150E333-8FDC-42A3-9474-1A3956D46DE8}") = "Services", "Services", "{4E2F7412-708A-4205-A66E-D3FF3071B079}"
EndProject
Project("{FAE04EC0-301F-11D3-BF4B-00C04F79EFBC}") = "Services", "Services\Services\Services.csproj", "{8261F947-B17C-467A-82B3-BC91BA4687D4}"
EndProject
Global
	GlobalSection(SolutionConfigurationPlatforms) = preSolution
		Debug|Any CPU = Debug|Any CPU
		Release|Any CPU = Release|Any CPU
	EndGlobalSection
	GlobalSection(ProjectConfigurationPlatforms) = postSolution
		{3985837A-B655-49A2-AFA7-FC973BE67441}.Debug|Any CPU.ActiveCfg = Debug|Any CPU
		{3985837A-B655-49A2-AFA7-FC973BE67441}.Debug|Any CPU.Build.0 = Debug|Any CPU
		{3985837A-B655-49A2-AFA7-FC973BE67441}.Release|Any CPU.ActiveCfg = Release|Any CPU
		{3985837A-B655-49A2-AFA7-FC973BE67441}.Release|Any CPU.Build.0 = Release|Any CPU
		{29388673-91F4-469D-ABB6-0659573D59AD}.Debug|Any CPU.ActiveCfg = Debug|Any CPU
		{29388673-91F4-469D-ABB6-0659573D59AD}.Debug|Any CPU.Build.0 = Debug|Any CPU
		{29388673-91F4-469D-ABB6-0659573D59AD}.Release|Any CPU.ActiveCfg = Release|Any CPU
		{29388673-91F4-469D-ABB6-0659573D59AD}.Release|Any CPU.Build.0 = Release|Any CPU
		{A535B146-B057-4024-A76F-FB4B9E464269}.Debug|Any CPU.ActiveCfg = Debug|Any CPU
		{A535B146-B057-4024-A76F-FB4B9E464269}.Debug|Any CPU.Build.0 = Debug|Any CPU
		{A535B146-B057-4024-A76F-FB4B9E464269}.Release|Any CPU.ActiveCfg = Release|Any CPU
		{A535B146-B057-4024-A76F-FB4B9E464269}.Release|Any CPU.Build.0 = Release|Any CPU
		{9C96E0F5-273A-4537-A58B-80BE881609F7}.Debug|Any CPU.ActiveCfg = Debug|Any CPU
		{9C96E0F5-273A-4537-A58B-80BE881609F7}.Debug|Any CPU.Build.0 = Debug|Any CPU
		{9C96E0F5-273A-4537-A58B-80BE881609F7}.Release|Any CPU.ActiveCfg = Release|Any CPU
		{9C96E0F5-273A-4537-A58B-80BE881609F7}.Release|Any CPU.Build.0 = Release|Any CPU
		{E5FC8532-405C-47EA-83CA-FB5099F22765}.Debug|Any CPU.ActiveCfg = Debug|Any CPU
		{E5FC8532-405C-47EA-83CA-FB5099F22765}.Debug|Any CPU.Build.0 = Debug|Any CPU
		{E5FC8532-405C-47EA-83CA-FB5099F22765}.Release|Any CPU.ActiveCfg = Release|Any CPU
		{E5FC8532-405C-47EA-83CA-FB5099F22765}.Release|Any CPU.Build.0 = Release|Any CPU
		{257AEA18-765E-40BF-9782-E5ADB8DAA86C}.Debug|Any CPU.ActiveCfg = Debug|Any CPU
		{257AEA18-765E-40BF-9782-E5ADB8DAA86C}.Debug|Any CPU.Build.0 = Debug|Any CPU
		{257AEA18-765E-40BF-9782-E5ADB8DAA86C}.Release|Any CPU.ActiveCfg = Release|Any CPU
		{257AEA18-765E-40BF-9782-E5ADB8DAA86C}.Release|Any CPU.Build.0 = Release|Any CPU
		{9147E4E1-87D8-42BB-8281-F8E2C9D5A5FA}.Debug|Any CPU.ActiveCfg = Debug|Any CPU
		{9147E4E1-87D8-42BB-8281-F8E2C9D5A5FA}.Debug|Any CPU.Build.0 = Debug|Any CPU
		{9147E4E1-87D8-42BB-8281-F8E2C9D5A5FA}.Release|Any CPU.ActiveCfg = Release|Any CPU
		{9147E4E1-87D8-42BB-8281-F8E2C9D5A5FA}.Release|Any CPU.Build.0 = Release|Any CPU
		{8261F947-B17C-467A-82B3-BC91BA4687D4}.Debug|Any CPU.ActiveCfg = Debug|Any CPU
		{8261F947-B17C-467A-82B3-BC91BA4687D4}.Debug|Any CPU.Build.0 = Debug|Any CPU
		{8261F947-B17C-467A-82B3-BC91BA4687D4}.Release|Any CPU.ActiveCfg = Release|Any CPU
		{8261F947-B17C-467A-82B3-BC91BA4687D4}.Release|Any CPU.Build.0 = Release|Any CPU
	EndGlobalSection
	GlobalSection(SolutionProperties) = preSolution
		HideSolutionNode = FALSE
	EndGlobalSection
	GlobalSection(NestedProjects) = preSolution
		{3985837A-B655-49A2-AFA7-FC973BE67441} = {CB36686B-E491-4F58-9845-EE58DBA47DBA}
		{29388673-91F4-469D-ABB6-0659573D59AD} = {4ABD4301-3954-43CB-8933-693750A88BB9}
		{A535B146-B057-4024-A76F-FB4B9E464269} = {CB36686B-E491-4F58-9845-EE58DBA47DBA}
		{9C96E0F5-273A-4537-A58B-80BE881609F7} = {ED3FF619-0D9C-41F8-8D7C-189A75DC6DB7}
		{E5FC8532-405C-47EA-83CA-FB5099F22765} = {47175D62-7090-4726-BC20-430421C4A8C3}
		{257AEA18-765E-40BF-9782-E5ADB8DAA86C} = {F4C48C7D-608B-4B98-A969-7ADE478D90A9}
		{9147E4E1-87D8-42BB-8281-F8E2C9D5A5FA} = {0CD870E3-EE3B-4233-89B3-9B485592DD40}
		{8261F947-B17C-467A-82B3-BC91BA4687D4} = {4E2F7412-708A-4205-A66E-D3FF3071B079}
	EndGlobalSection
	GlobalSection(ExtensibilityGlobals) = postSolution
		SolutionGuid = {BB6B1489-1118-4AE4-B53A-B1D65A2C60EF}
	EndGlobalSection
EndGlobal
